
Microsoft Visual Studio Solution File, Format Version 12.00
# Visual Studio Version 17
VisualStudioVersion = 17.5.33516.290
MinimumVisualStudioVersion = 10.0.40219.1
Project("{FAE04EC0-301F-11D3-BF4B-00C04F79EFBC}") = "Biblioteka", "Biblioteka\Biblioteka.csproj", "{A8745E47-2036-4AB9-B370-A12C4F88759C}"
EndProject
Global
	GlobalSection(SolutionConfigurationPlatforms) = preSolution
		Debug|Any CPU = Debug|Any CPU
		Release|Any CPU = Release|Any CPU
	EndGlobalSection
	GlobalSection(ProjectConfigurationPlatforms) = postSolution
		{A8745E47-2036-4AB9-B370-A12C4F88759C}.Debug|Any CPU.ActiveCfg = Debug|Any CPU
		{A8745E47-2036-4AB9-B370-A12C4F88759C}.Debug|Any CPU.Build.0 = Debug|Any CPU
		{A8745E47-2036-4AB9-B370-A12C4F88759C}.Release|Any CPU.ActiveCfg = Release|Any CPU
		{A8745E47-2036-4AB9-B370-A12C4F88759C}.Release|Any CPU.Build.0 = Release|Any CPU
	EndGlobalSection
	GlobalSection(SolutionProperties) = preSolution
		HideSolutionNode = FALSE
	EndGlobalSection
	GlobalSection(ExtensibilityGlobals) = postSolution
		SolutionGuid = {C5AF71CD-6D4E-4B74-898A-AF5E52E7C8AB}
	EndGlobalSection
EndGlobal
